[root]
name = "passkeeper"
version = "0.1.0"
dependencies = [
 "rand 0.3.14 (registry+https://github.com/rust-lang/crates.io-index)",
 "rust-crypto 0.2.36 (registry+https://github.com/rust-lang/crates.io-index)",
 "serde 0.8.0 (registry+https://github.com/rust-lang/crates.io-index)",
 "serde_json 0.8.0 (registry+https://github.com/rust-lang/crates.io-index)",
 "serde_macros 0.8.0 (registry+https://github.com/rust-lang/crates.io-index)",
 "sodiumoxide 0.0.12 (registry+https://github.com/rust-lang/crates.io-index)",
]

[[package]]
name = "aster"
version = "0.22.1"
source = "registry+https://github.com/rust-lang/crates.io-index"

[[package]]
name = "dtoa"
version = "0.2.2"
source = "registry+https://github.com/rust-lang/crates.io-index"

[[package]]
name = "gcc"
version = "0.3.32"
source = "registry+https://github.com/rust-lang/crates.io-index"

[[package]]
name = "itoa"
version = "0.1.1"
source = "registry+https://github.com/rust-lang/crates.io-index"

[[package]]
name = "kernel32-sys"
version = "0.2.2"
source = "registry+https://github.com/rust-lang/crates.io-index"
dependencies = [
 "winapi 0.2.8 (registry+https://github.com/rust-lang/crates.io-index)",
 "winapi-build 0.1.1 (registry+https://github.com/rust-lang/crates.io-index)",
]

[[package]]
name = "libc"
version = "0.2.14"
source = "registry+https://github.com/rust-lang/crates.io-index"

[[package]]
name = "libsodium-sys"
version = "0.0.12"
source = "registry+https://github.com/rust-lang/crates.io-index"
dependencies = [
 "libc 0.2.14 (registry+https://github.com/rust-lang/crates.io-index)",
 "pkg-config 0.3.8 (registry+https://github.com/rust-lang/crates.io-index)",
]

[[package]]
name = "num-traits"
version = "0.1.34"
source = "registry+https://github.com/rust-lang/crates.io-index"

[[package]]
name = "pkg-config"
version = "0.3.8"
source = "registry+https://github.com/rust-lang/crates.io-index"

[[package]]
name = "quasi"
version = "0.16.0"
source = "registry+https://github.com/rust-lang/crates.io-index"

[[package]]
name = "quasi_codegen"
version = "0.16.0"
source = "registry+https://github.com/rust-lang/crates.io-index"
dependencies = [
 "aster 0.22.1 (registry+https://github.com/rust-lang/crates.io-index)",
]

[[package]]
name = "quasi_macros"
version = "0.16.0"
source = "registry+https://github.com/rust-lang/crates.io-index"
dependencies = [
 "quasi_codegen 0.16.0 (registry+https://github.com/rust-lang/crates.io-index)",
]

[[package]]
name = "rand"
version = "0.3.14"
source = "registry+https://github.com/rust-lang/crates.io-index"
dependencies = [
 "libc 0.2.14 (registry+https://github.com/rust-lang/crates.io-index)",
]

[[package]]
name = "rust-crypto"
version = "0.2.36"
source = "registry+https://github.com/rust-lang/crates.io-index"
dependencies = [
 "gcc 0.3.32 (registry+https://github.com/rust-lang/crates.io-index)",
 "libc 0.2.14 (registry+https://github.com/rust-lang/crates.io-index)",
 "rand 0.3.14 (registry+https://github.com/rust-lang/crates.io-index)",
 "rustc-serialize 0.3.19 (registry+https://github.com/rust-lang/crates.io-index)",
 "time 0.1.35 (registry+https://github.com/rust-lang/crates.io-index)",
]

[[package]]
name = "rustc-serialize"
version = "0.3.19"
source = "registry+https://github.com/rust-lang/crates.io-index"

[[package]]
name = "serde"
version = "0.7.15"
source = "registry+https://github.com/rust-lang/crates.io-index"

[[package]]
name = "serde"
version = "0.8.0"
source = "registry+https://github.com/rust-lang/crates.io-index"

[[package]]
name = "serde_codegen"
version = "0.8.0"
source = "registry+https://github.com/rust-lang/crates.io-index"
dependencies = [
 "aster 0.22.1 (registry+https://github.com/rust-lang/crates.io-index)",
 "quasi 0.16.0 (registry+https://github.com/rust-lang/crates.io-index)",
 "quasi_macros 0.16.0 (registry+https://github.com/rust-lang/crates.io-index)",
 "serde_codegen_internals 0.5.0 (registry+https://github.com/rust-lang/crates.io-index)",
]

[[package]]
name = "serde_codegen_internals"
version = "0.5.0"
source = "registry+https://github.com/rust-lang/crates.io-index"

[[package]]
name = "serde_json"
version = "0.8.0"
source = "registry+https://github.com/rust-lang/crates.io-index"
dependencies = [
 "dtoa 0.2.2 (registry+https://github.com/rust-lang/crates.io-index)",
 "itoa 0.1.1 (registry+https://github.com/rust-lang/crates.io-index)",
 "num-traits 0.1.34 (registry+https://github.com/rust-lang/crates.io-index)",
 "serde 0.8.0 (registry+https://github.com/rust-lang/crates.io-index)",
]

[[package]]
name = "serde_macros"
version = "0.8.0"
source = "registry+https://github.com/rust-lang/crates.io-index"
dependencies = [
 "serde_codegen 0.8.0 (registry+https://github.com/rust-lang/crates.io-index)",
]

[[package]]
name = "sodiumoxide"
version = "0.0.12"
source = "registry+https://github.com/rust-lang/crates.io-index"
dependencies = [
 "libc 0.2.14 (registry+https://github.com/rust-lang/crates.io-index)",
 "libsodium-sys 0.0.12 (registry+https://github.com/rust-lang/crates.io-index)",
 "serde 0.7.15 (registry+https://github.com/rust-lang/crates.io-index)",
]

[[package]]
name = "time"
version = "0.1.35"
source = "registry+https://github.com/rust-lang/crates.io-index"
dependencies = [
 "kernel32-sys 0.2.2 (registry+https://github.com/rust-lang/crates.io-index)",
 "libc 0.2.14 (registry+https://github.com/rust-lang/crates.io-index)",
 "winapi 0.2.8 (registry+https://github.com/rust-lang/crates.io-index)",
]

[[package]]
name = "winapi"
version = "0.2.8"
source = "registry+https://github.com/rust-lang/crates.io-index"

[[package]]
name = "winapi-build"
version = "0.1.1"
source = "registry+https://github.com/rust-lang/crates.io-index"

[metadata]
"checksum aster 0.22.1 (registry+https://github.com/rust-lang/crates.io-index)" = "3c2e21e476ef6522e1762461ddbd1eba4d049c9a86619ccd03226b09f3d0741e"
"checksum dtoa 0.2.2 (registry+https://github.com/rust-lang/crates.io-index)" = "0dd841b58510c9618291ffa448da2e4e0f699d984d436122372f446dae62263d"
"checksum gcc 0.3.32 (registry+https://github.com/rust-lang/crates.io-index)" = "dcb000abd6df9df4c637f75190297ebe56c1d7e66b56bbf3b4aa7aece15f61a2"
"checksum itoa 0.1.1 (registry+https://github.com/rust-lang/crates.io-index)" = "ae3088ea4baeceb0284ee9eea42f591226e6beaecf65373e41b38d95a1b8e7a1"
"checksum kernel32-sys 0.2.2 (registry+https://github.com/rust-lang/crates.io-index)" = "7507624b29483431c0ba2d82aece8ca6cdba9382bff4ddd0f7490560c056098d"
"checksum libc 0.2.14 (registry+https://github.com/rust-lang/crates.io-index)" = "39dfaaa0f4da0f1a06876c5d94329d739ad0150868069cc235f1ddf80a0480e7"
"checksum libsodium-sys 0.0.12 (registry+https://github.com/rust-lang/crates.io-index)" = "44e9986c330611ccd26ea74e502c70e5ebab2874c4c23f2f5f3c5a6ed3fbfbc6"
"checksum num-traits 0.1.34 (registry+https://github.com/rust-lang/crates.io-index)" = "95e58eac34596aac30ab134c8a8da9aa2dc99caa4b4b4838e6fc6e298016278f"
"checksum pkg-config 0.3.8 (registry+https://github.com/rust-lang/crates.io-index)" = "8cee804ecc7eaf201a4a207241472cc870e825206f6c031e3ee2a72fa425f2fa"
"checksum quasi 0.16.0 (registry+https://github.com/rust-lang/crates.io-index)" = "314e56e9e59af71a5b1f09fab15e8e66ab2ccb786688f8d2e04d98b8d7cbc161"
"checksum quasi_codegen 0.16.0 (registry+https://github.com/rust-lang/crates.io-index)" = "1a3856abd5ec12f873eeac0837cce65ac33814ed4acba287a9e806620763d4b7"
"checksum quasi_macros 0.16.0 (registry+https://github.com/rust-lang/crates.io-index)" = "9b530b7ff57b6a38e4d53909c64657f40e0eef6a8fea1f0943d76160c277c9c5"
"checksum rand 0.3.14 (registry+https://github.com/rust-lang/crates.io-index)" = "2791d88c6defac799c3f20d74f094ca33b9332612d9aef9078519c82e4fe04a5"
"checksum rust-crypto 0.2.36 (registry+https://github.com/rust-lang/crates.io-index)" = "f76d05d3993fd5f4af9434e8e436db163a12a9d40e1a58a726f27a01dfd12a2a"
"checksum rustc-serialize 0.3.19 (registry+https://github.com/rust-lang/crates.io-index)" = "6159e4e6e559c81bd706afe9c8fd68f547d3e851ce12e76b1de7914bab61691b"
"checksum serde 0.7.15 (registry+https://github.com/rust-lang/crates.io-index)" = "1b0e0732aa8ec4267f61815a396a942ba3525062e3bd5520aa8419927cfc0a92"
"checksum serde 0.8.0 (registry+https://github.com/rust-lang/crates.io-index)" = "7ad09a04412d1ac27ab9c1170190cfed637e0463f2f2ce79e718141624f43a45"
"checksum serde_codegen 0.8.0 (registry+https://github.com/rust-lang/crates.io-index)" = "5dd49dc9caaa249af8afe939871e967379474bfaccd71a1b314503e0ab26467b"
"checksum serde_codegen_internals 0.5.0 (registry+https://github.com/rust-lang/crates.io-index)" = "44e59907dba9744430fb83ab90e71a0545bf5ceb849650a1e1134009a05803b7"
"checksum serde_json 0.8.0 (registry+https://github.com/rust-lang/crates.io-index)" = "c86308e6709fa2c1707aa59406cb29a5018c1b33f1e4c958af36b71acbf19a3b"
"checksum serde_macros 0.8.0 (registry+https://github.com/rust-lang/crates.io-index)" = "65131a46343fb92e158457cc6834b771a774f3d4ead8997d4d964567671208e6"
"checksum sodiumoxide 0.0.12 (registry+https://github.com/rust-lang/crates.io-index)" = "8d9da099120def269669aa349e0c3e97de4ab2c5cb9a54a765041651dd0055eb"
"checksum time 0.1.35 (registry+https://github.com/rust-lang/crates.io-index)" = "3c7ec6d62a20df54e07ab3b78b9a3932972f4b7981de295563686849eb3989af"
"checksum winapi 0.2.8 (registry+https://github.com/rust-lang/crates.io-index)" = "167dc9d6949a9b857f3451275e911c3f44255842c1f7a76f33c55103a909087a"
"checksum winapi-build 0.1.1 (registry+https://github.com/rust-lang/crates.io-index)" = "2d315eee3b34aca4797b2da6b13ed88266e6d612562a0c46390af8299fc699bc"
